# THIS IS AN AUTOGENERATED FILE. DO NOT EDIT THIS FILE DIRECTLY.
# yarn lockfile v1


"@apidevtools/json-schema-ref-parser@^9.0.6":
  version "9.1.2"
  dependencies:
    "@jsdevtools/ono" "^7.1.3"
    "@types/json-schema" "^7.0.6"
    call-me-maybe "^1.0.1"
    js-yaml "^4.1.0"

"@apidevtools/openapi-schemas@^2.0.4":
  version "2.1.0"

"@apidevtools/swagger-methods@^3.0.2":
  version "3.0.2"

"@apidevtools/swagger-parser@10.0.3":
  version "10.0.3"
  dependencies:
    "@apidevtools/json-schema-ref-parser" "^9.0.6"
    "@apidevtools/openapi-schemas" "^2.0.4"
    "@apidevtools/swagger-methods" "^3.0.2"
    "@jsdevtools/ono" "^7.1.3"
    call-me-maybe "^1.0.1"
    z-schema "^5.0.1"

"@babel/runtime@^7.23.8", "@babel/runtime@^7.24.5":
  version "7.25.7"
  dependencies:
    regenerator-runtime "^0.14.0"

"@colors/colors@^1.6.0", "@colors/colors@1.6.0":
  version "1.6.0"

"@dabh/diagnostics@^2.0.2":
  version "2.0.3"
  dependencies:
    colorspace "1.1.x"
    enabled "2.0.x"
    kuler "^2.0.0"

"@hapi/hoek@^9.0.0", "@hapi/hoek@^9.3.0":
  version "9.3.0"

"@hapi/topo@^5.1.0":
  version "5.1.0"
  dependencies:
    "@hapi/hoek" "^9.0.0"

"@influxdata/influxdb-client@^1.35.0":
  version "1.35.0"

"@isaacs/cliui@^8.0.2":
  version "8.0.2"
  dependencies:
    string-width "^5.1.2"
    string-width-cjs "npm:string-width@^4.2.0"
    strip-ansi "^7.0.1"
    strip-ansi-cjs "npm:strip-ansi@^6.0.1"
    wrap-ansi "^8.1.0"
    wrap-ansi-cjs "npm:wrap-ansi@^7.0.0"

"@jsdevtools/ono@^7.1.3":
  version "7.1.3"

"@mapbox/node-pre-gyp@^1.0.0", "@mapbox/node-pre-gyp@^1.0.11":
  version "1.0.11"
  dependencies:
    detect-libc "^2.0.0"
    https-proxy-agent "^5.0.0"
    make-dir "^3.1.0"
    node-fetch "^2.6.7"
    nopt "^5.0.0"
    npmlog "^5.0.1"
    rimraf "^3.0.2"
    semver "^7.3.5"
    tar "^6.1.11"

"@panva/asn1.js@^1.0.0":
  version "1.0.0"

"@protobufjs/aspromise@^1.1.1", "@protobufjs/aspromise@^1.1.2":
  version "1.1.2"

"@protobufjs/base64@^1.1.2":
  version "1.1.2"

"@protobufjs/codegen@^2.0.4":
  version "2.0.4"

"@protobufjs/eventemitter@^1.1.0":
  version "1.1.0"

"@protobufjs/fetch@^1.1.0":
  version "1.1.0"
  dependencies:
    "@protobufjs/aspromise" "^1.1.1"
    "@protobufjs/inquire" "^1.1.0"

"@protobufjs/float@^1.0.2":
  version "1.0.2"

"@protobufjs/inquire@^1.1.0":
  version "1.1.0"

"@protobufjs/path@^1.1.2":
  version "1.1.2"

"@protobufjs/pool@^1.1.0":
  version "1.1.0"

"@protobufjs/utf8@^1.1.0":
  version "1.1.0"

"@sideway/address@^4.1.5":
  version "4.1.5"
  dependencies:
    "@hapi/hoek" "^9.0.0"

"@sideway/formula@^3.0.1":
  version "3.0.1"

"@sideway/pinpoint@^2.0.0":
  version "2.0.0"

"@sindresorhus/is@^4.0.0":
  version "4.6.0"

"@sinonjs/commons@^3.0.1":
  version "3.0.1"
  dependencies:
    type-detect "4.0.8"

"@sinonjs/fake-timers@^13.0.1", "@sinonjs/fake-timers@^13.0.2":
  version "13.0.2"
  dependencies:
    "@sinonjs/commons" "^3.0.1"

"@sinonjs/samsam@^8.0.1":
  version "8.0.2"
  dependencies:
    "@sinonjs/commons" "^3.0.1"
    lodash.get "^4.4.2"
    type-detect "^4.1.0"

"@sinonjs/text-encoding@^0.7.3":
  version "0.7.3"

"@szmarczak/http-timer@^4.0.5":
  version "4.0.6"
  dependencies:
    defer-to-connect "^2.0.0"

"@types/cacheable-request@^6.0.1":
  version "6.0.3"
  dependencies:
    "@types/http-cache-semantics" "*"
    "@types/keyv" "^3.1.4"
    "@types/node" "*"
    "@types/responselike" "^1.0.0"

"@types/cors@^2":
  version "2.8.17"
  dependencies:
    "@types/node" "*"

"@types/http-cache-semantics@*":
  version "4.0.4"

"@types/json-schema@^7.0.6":
  version "7.0.15"

"@types/keyv@^3.1.4":
  version "3.1.4"
  dependencies:
    "@types/node" "*"

"@types/long@^4.0.0", "@types/long@^4.0.1":
  version "4.0.2"

"@types/node@*", "@types/node@>=13.7.0":
  version "22.7.4"
  dependencies:
    undici-types "~6.19.2"

"@types/readable-stream@^4.0.0", "@types/readable-stream@^4.0.5":
  version "4.0.15"
  dependencies:
    "@types/node" "*"
    safe-buffer "~5.1.1"

"@types/responselike@^1.0.0":
  version "1.0.3"
  dependencies:
    "@types/node" "*"

"@types/triple-beam@^1.3.2":
  version "1.3.5"

"@types/ws@^8.5.9":
  version "8.5.12"
  dependencies:
    "@types/node" "*"

abbrev@1:
  version "1.1.1"

abort-controller@^3.0.0:
  version "3.0.0"
  dependencies:
    event-target-shim "^5.0.0"

accepts@~1.3.8:
  version "1.3.8"
  dependencies:
    mime-types "~2.1.34"
    negotiator "0.6.3"

agent-base@6:
  version "6.0.2"
  dependencies:
    debug "4"

aggregate-error@^3.1.0:
  version "3.1.0"
  dependencies:
    clean-stack "^2.0.0"
    indent-string "^4.0.0"

ansi-colors@^4.1.3:
  version "4.1.3"

ansi-regex@^5.0.1:
  version "5.0.1"

ansi-regex@^6.0.1:
  version "6.1.0"

ansi-styles@^4.0.0, ansi-styles@^4.1.0:
  version "4.3.0"
  dependencies:
    color-convert "^2.0.1"

ansi-styles@^6.1.0:
  version "6.2.1"

anymatch@~3.1.2:
  version "3.1.3"
  dependencies:
    normalize-path "^3.0.0"
    picomatch "^2.0.4"

"aproba@^1.0.3 || ^2.0.0":
  version "2.0.0"

are-we-there-yet@^2.0.0:
  version "2.0.0"
  dependencies:
    delegates "^1.0.0"
    readable-stream "^3.6.0"

argparse@^2.0.1:
  version "2.0.1"

array-flatten@1.1.1:
  version "1.1.1"

asap@^2.0.0:
  version "2.0.6"

ascii-art-ansi@^1.1.0, ascii-art-ansi@^1.1.1, ascii-art-ansi@^1.4.0, ascii-art-ansi@^1.4.1, ascii-art-ansi@1.4.1:
  version "1.4.1"
  dependencies:
    color "^3.1.3"
    color-difference "^0.3.4"
    maplex "*"

ascii-art-braille@0.0.2:
  version "0.0.2"

ascii-art-braille@0.1.0:
  version "0.1.0"

ascii-art-font@1.0.2:
  version "1.0.2"

ascii-art-graph@0.5.0:
  version "0.5.0"
  dependencies:
    ascii-art-ansi "^1.4.1"
    ascii-art-braille "0.0.2"
    async-arrays "^1.0.1"
    d3 "^5.14.2"
    json2csv "^4.5.4"

ascii-art-image@1.4.0:
  version "1.4.0"
  dependencies:
    ascii-art-braille "0.1.0"
    canvas "^2.6.0"

ascii-art-table@1.0.1:
  version "1.0.1"
  dependencies:
    ascii-art-ansi "^1.1.0"

ascii-art-utf@0.0.1:
  version "0.0.1"
  dependencies:
    ascii-art-ansi "^1.1.1"

ascii-art@^2.8.5:
  version "2.8.5"
  dependencies:
    ascii-art-ansi "1.4.1"
    ascii-art-font "1.0.2"
    ascii-art-graph "0.5.0"
    ascii-art-image "1.4.0"
    ascii-art-table "1.0.1"
    ascii-art-utf "0.0.1"
    dirname-shim "1.0.0"
    strangler "^1.1.2"
  optionalDependencies:
    canvas "^2.6.0"
    jsftp "2.1.3"

assertion-error@^2.0.1:
  version "2.0.1"

async-arrays@^1.0.1:
  version "1.1.0"
  dependencies:
    sift "*"

async@^3.2.3, async@^3.2.4:
  version "3.2.6"

asynckit@^0.4.0:
  version "0.4.0"

axios@^1.7.7:
  version "1.7.7"
  dependencies:
    follow-redirects "^1.15.6"
    form-data "^4.0.0"
    proxy-from-env "^1.1.0"

balanced-match@^1.0.0:
  version "1.0.2"

base64-js@^1.3.1:
  version "1.5.1"

base64url@^3.0.1, base64url@3.x.x:
  version "3.0.1"

bcrypt@^5.1.1:
  version "5.1.1"
  dependencies:
    "@mapbox/node-pre-gyp" "^1.0.11"
    node-addon-api "^5.0.0"

binary-extensions@^2.0.0:
  version "2.3.0"

bl@^6.0.8:
  version "6.0.16"
  dependencies:
    "@types/readable-stream" "^4.0.0"
    buffer "^6.0.3"
    inherits "^2.0.4"
    readable-stream "^4.2.0"

body-parser@1.20.3:
  version "1.20.3"
  dependencies:
    bytes "3.1.2"
    content-type "~1.0.5"
    debug "2.6.9"
    depd "2.0.0"
    destroy "1.2.0"
    http-errors "2.0.0"
    iconv-lite "0.4.24"
    on-finished "2.4.1"
    qs "6.13.0"
    raw-body "2.5.2"
    type-is "~1.6.18"
    unpipe "1.0.0"

brace-expansion@^1.1.7:
  version "1.1.11"
  dependencies:
    balanced-match "^1.0.0"
    concat-map "0.0.1"

brace-expansion@^2.0.1:
  version "2.0.1"
  dependencies:
    balanced-match "^1.0.0"

braces@~3.0.2:
  version "3.0.3"
  dependencies:
    fill-range "^7.1.1"

browser-stdout@^1.3.1:
  version "1.3.1"

buffer-equal-constant-time@1.0.1:
  version "1.0.1"

buffer-from@^1.0.0:
  version "1.1.2"

buffer@^6.0.3:
  version "6.0.3"
  dependencies:
    base64-js "^1.3.1"
    ieee754 "^1.2.1"

bytes@3.1.2:
  version "3.1.2"

cacheable-lookup@^5.0.3:
  version "5.0.4"

cacheable-request@^7.0.2:
  version "7.0.4"
  dependencies:
    clone-response "^1.0.2"
    get-stream "^5.1.0"
    http-cache-semantics "^4.0.0"
    keyv "^4.0.0"
    lowercase-keys "^2.0.0"
    normalize-url "^6.0.1"
    responselike "^2.0.0"

call-bind@^1.0.7:
  version "1.0.7"
  dependencies:
    es-define-property "^1.0.0"
    es-errors "^1.3.0"
    function-bind "^1.1.2"
    get-intrinsic "^1.2.4"
    set-function-length "^1.2.1"

call-me-maybe@^1.0.1:
  version "1.0.2"

camelcase@^6.0.0:
  version "6.3.0"

canvas@^2.11.2, canvas@^2.6.0:
  version "2.11.2"
  dependencies:
    "@mapbox/node-pre-gyp" "^1.0.0"
    nan "^2.17.0"
    simple-get "^3.0.3"

chai-http@^5.1.1:
  version "5.1.1"
  dependencies:
    charset "^1.0.1"
    cookiejar "^2.1.4"
    is-ip "^5.0.1"
    methods "^1.1.2"
    qs "^6.12.1"
    superagent "^9"

chai@^5.1.1:
  version "5.1.1"
  dependencies:
    assertion-error "^2.0.1"
    check-error "^2.1.1"
    deep-eql "^5.0.1"
    loupe "^3.1.0"
    pathval "^2.0.0"

chalk@^4.1.0:
  version "4.1.2"
  dependencies:
    ansi-styles "^4.1.0"
    supports-color "^7.1.0"

charset@^1.0.1:
  version "1.0.1"

check-error@^2.1.1:
  version "2.1.1"

chokidar@^3.5.2, chokidar@^3.5.3:
  version "3.6.0"
  dependencies:
    anymatch "~3.1.2"
    braces "~3.0.2"
    glob-parent "~5.1.2"
    is-binary-path "~2.1.0"
    is-glob "~4.0.1"
    normalize-path "~3.0.0"
    readdirp "~3.6.0"
  optionalDependencies:
    fsevents "~2.3.2"

chownr@^2.0.0:
  version "2.0.0"

clean-stack@^2.0.0:
  version "2.2.0"

cli@^0.4.5:
  version "0.4.5"
  dependencies:
    glob ">= 3.1.4"

cliui@^7.0.2:
  version "7.0.4"
  dependencies:
    string-width "^4.2.0"
    strip-ansi "^6.0.0"
    wrap-ansi "^7.0.0"

clone-regexp@^3.0.0:
  version "3.0.0"
  dependencies:
    is-regexp "^3.0.0"

clone-response@^1.0.2:
  version "1.0.3"
  dependencies:
    mimic-response "^1.0.0"

clone@^2.1.2:
  version "2.1.2"

color-convert@^1.9.3:
  version "1.9.3"
  dependencies:
    color-name "1.1.3"

color-convert@^2.0.1:
  version "2.0.1"
  dependencies:
    color-name "~1.1.4"

color-difference@^0.3.4:
  version "0.3.4"
  dependencies:
    cli "^0.4.5"
    color-model "^0.2.0"

color-model@^0.2.0:
  version "0.2.2"

color-name@^1.0.0, color-name@~1.1.4:
  version "1.1.4"

color-name@1.1.3:
  version "1.1.3"

color-string@^1.6.0:
  version "1.9.1"
  dependencies:
    color-name "^1.0.0"
    simple-swizzle "^0.2.2"

color-support@^1.1.2:
  version "1.1.3"

color@^3.1.3:
  version "3.2.1"
  dependencies:
    color-convert "^1.9.3"
    color-string "^1.6.0"

colorspace@1.1.x:
  version "1.1.4"
  dependencies:
    color "^3.1.3"
    text-hex "1.0.x"

combined-stream@^1.0.8:
  version "1.0.8"
  dependencies:
    delayed-stream "~1.0.0"

commander@^2.15.1, commander@2:
  version "2.20.3"

commander@^9.4.1:
  version "9.5.0"

commander@6.2.0:
  version "6.2.0"

commist@^3.2.0:
  version "3.2.0"

component-emitter@^1.3.0:
  version "1.3.1"

concat-map@0.0.1:
  version "0.0.1"

concat-stream@^2.0.0:
  version "2.0.0"
  dependencies:
    buffer-from "^1.0.0"
    inherits "^2.0.3"
    readable-stream "^3.0.2"
    typedarray "^0.0.6"

console-control-strings@^1.0.0, console-control-strings@^1.1.0:
  version "1.1.0"

content-disposition@0.5.4:
  version "0.5.4"
  dependencies:
    safe-buffer "5.2.1"

content-type@~1.0.4, content-type@~1.0.5:
  version "1.0.5"

convert-hrtime@^5.0.0:
  version "5.0.0"

cookie-signature@1.0.6:
  version "1.0.6"

cookie-signature@1.0.7:
  version "1.0.7"

cookie@^0.5.0:
  version "0.5.0"

cookie@0.7.1:
  version "0.7.1"

cookie@0.7.2:
  version "0.7.2"

cookiejar@^2.1.4:
  version "2.1.4"

core-util-is@~1.0.0:
  version "1.0.3"

cors@^2.8.5:
  version "2.8.5"
  dependencies:
    object-assign "^4"
    vary "^1"

cross-env@^7.0.3:
  version "7.0.3"
  resolved "https://registry.npmjs.org/cross-env/-/cross-env-7.0.3.tgz"
  integrity sha512-+/HKd6EgcQCJGh2PSjZuUitQBQynKor4wrFbRg4DtAgS1aWO+gU52xpH7M9ScGgXSYmAVS9bIJ8EzuaGw0oNAw==
  dependencies:
    cross-spawn "^7.0.1"

cross-spawn@^7.0.0, cross-spawn@^7.0.1:
  version "7.0.3"
  dependencies:
    path-key "^3.1.0"
    shebang-command "^2.0.0"
    which "^2.0.1"

d3-array@^1.1.1, d3-array@^1.2.0, d3-array@1:
  version "1.2.4"

d3-axis@1:
  version "1.0.12"

d3-brush@1:
  version "1.1.6"
  dependencies:
    d3-dispatch "1"
    d3-drag "1"
    d3-interpolate "1"
    d3-selection "1"
    d3-transition "1"

d3-chord@1:
  version "1.0.6"
  dependencies:
    d3-array "1"
    d3-path "1"

d3-collection@1:
  version "1.0.7"

d3-color@1:
  version "1.4.1"

d3-contour@1:
  version "1.3.2"
  dependencies:
    d3-array "^1.1.1"

d3-dispatch@1:
  version "1.0.6"

d3-drag@1:
  version "1.2.5"
  dependencies:
    d3-dispatch "1"
    d3-selection "1"

d3-dsv@1:
  version "1.2.0"
  dependencies:
    commander "2"
    iconv-lite "0.4"
    rw "1"

d3-ease@1:
  version "1.0.7"

d3-fetch@1:
  version "1.2.0"
  dependencies:
    d3-dsv "1"

d3-force@1:
  version "1.2.1"
  dependencies:
    d3-collection "1"
    d3-dispatch "1"
    d3-quadtree "1"
    d3-timer "1"

d3-format@1:
  version "1.4.5"

d3-geo@1:
  version "1.12.1"
  dependencies:
    d3-array "1"

d3-hierarchy@1:
  version "1.1.9"

d3-interpolate@1:
  version "1.4.0"
  dependencies:
    d3-color "1"

d3-path@1:
  version "1.0.9"

d3-polygon@1:
  version "1.0.6"

d3-quadtree@1:
  version "1.0.7"

d3-random@1:
  version "1.1.2"

d3-scale-chromatic@1:
  version "1.5.0"
  dependencies:
    d3-color "1"
    d3-interpolate "1"

d3-scale@2:
  version "2.2.2"
  dependencies:
    d3-array "^1.2.0"
    d3-collection "1"
    d3-format "1"
    d3-interpolate "1"
    d3-time "1"
    d3-time-format "2"

d3-selection@^1.1.0, d3-selection@1:
  version "1.4.2"

d3-shape@1:
  version "1.3.7"
  dependencies:
    d3-path "1"

d3-time-format@2:
  version "2.3.0"
  dependencies:
    d3-time "1"

d3-time@1:
  version "1.1.0"

d3-timer@1:
  version "1.0.10"

d3-transition@1:
  version "1.3.2"
  dependencies:
    d3-color "1"
    d3-dispatch "1"
    d3-ease "1"
    d3-interpolate "1"
    d3-selection "^1.1.0"
    d3-timer "1"

d3-voronoi@1:
  version "1.1.4"

d3-zoom@1:
  version "1.8.3"
  dependencies:
    d3-dispatch "1"
    d3-drag "1"
    d3-interpolate "1"
    d3-selection "1"
    d3-transition "1"

d3@^5.14.2:
  version "5.16.0"
  dependencies:
    d3-array "1"
    d3-axis "1"
    d3-brush "1"
    d3-chord "1"
    d3-collection "1"
    d3-color "1"
    d3-contour "1"
    d3-dispatch "1"
    d3-drag "1"
    d3-dsv "1"
    d3-ease "1"
    d3-fetch "1"
    d3-force "1"
    d3-format "1"
    d3-geo "1"
    d3-hierarchy "1"
    d3-interpolate "1"
    d3-path "1"
    d3-polygon "1"
    d3-quadtree "1"
    d3-random "1"
    d3-scale "2"
    d3-scale-chromatic "1"
    d3-selection "1"
    d3-shape "1"
    d3-time "1"
    d3-time-format "2"
    d3-timer "1"
    d3-transition "1"
    d3-voronoi "1"
    d3-zoom "1"

debug@^3.1.0:
  version "3.2.7"
  dependencies:
    ms "^2.1.1"

debug@^4:
  version "4.3.7"
  dependencies:
    ms "^2.1.3"

debug@^4.3.1, debug@^4.3.4, debug@^4.3.5, debug@4:
  version "4.3.7"
  dependencies:
    ms "^2.1.3"

debug@2.6.9:
  version "2.6.9"
  dependencies:
    ms "2.0.0"

decamelize@^4.0.0:
  version "4.0.0"

decompress-response@^4.2.0:
  version "4.2.1"
  dependencies:
    mimic-response "^2.0.0"

decompress-response@^6.0.0:
  version "6.0.0"
  dependencies:
    mimic-response "^3.1.0"

deep-eql@^5.0.1:
  version "5.0.2"

defer-to-connect@^2.0.0:
  version "2.0.1"

define-data-property@^1.1.4:
  version "1.1.4"
  dependencies:
    es-define-property "^1.0.0"
    es-errors "^1.3.0"
    gopd "^1.0.1"

delayed-stream@~1.0.0:
  version "1.0.0"

delegates@^1.0.0:
  version "1.0.0"

depd@~1.1.2:
  version "1.1.2"

depd@~2.0.0, depd@2.0.0:
  version "2.0.0"

destroy@1.2.0:
  version "1.2.0"

detect-libc@^2.0.0:
  version "2.0.3"

dezalgo@^1.0.4:
  version "1.0.4"
  dependencies:
    asap "^2.0.0"
    wrappy "1"

diff@^5.2.0:
  version "5.2.0"

diff@^7.0.0:
  version "7.0.0"

dirname-shim@1.0.0:
  version "1.0.0"

doctrine@3.0.0:
  version "3.0.0"
  dependencies:
    esutils "^2.0.2"

dotenv@^16.4.5:
  version "16.4.5"

duplexer@~0.1.1:
  version "0.1.2"

eastasianwidth@^0.2.0:
  version "0.2.0"

ecdsa-sig-formatter@1.0.11:
  version "1.0.11"
  dependencies:
    safe-buffer "^5.0.1"

ee-first@1.1.1:
  version "1.1.1"

emoji-regex@^8.0.0:
  version "8.0.0"

emoji-regex@^9.2.2:
  version "9.2.2"

enabled@2.0.x:
  version "2.0.0"

encodeurl@~1.0.2:
  version "1.0.2"

encodeurl@~2.0.0:
  version "2.0.0"

encoding@^0.1.0:
  version "0.1.13"
  dependencies:
    iconv-lite "^0.6.2"

end-of-stream@^1.1.0:
  version "1.4.4"
  dependencies:
    once "^1.4.0"

envfile@^7.1.0:
  version "7.1.0"

es-define-property@^1.0.0:
  version "1.0.0"
  dependencies:
    get-intrinsic "^1.2.4"

es-errors@^1.3.0:
  version "1.3.0"

escalade@^3.1.1:
  version "3.2.0"

escape-html@~1.0.3:
  version "1.0.3"

escape-string-regexp@^4.0.0:
  version "4.0.0"

esutils@^2.0.2:
  version "2.0.3"

etag@~1.8.1:
  version "1.8.1"

event-target-shim@^5.0.0:
  version "5.0.1"

events@^3.3.0:
  version "3.3.0"

express-openid-connect@^2.17.1:
  version "2.17.1"
  dependencies:
    base64url "^3.0.1"
    clone "^2.1.2"
    cookie "^0.5.0"
    debug "^4.3.4"
    futoin-hkdf "^1.5.1"
    http-errors "^1.8.1"
    joi "^17.7.0"
    jose "^2.0.6"
    on-headers "^1.0.2"
    openid-client "^4.9.1"
    url-join "^4.0.1"

express-rate-limit@^7.4.1:
  version "7.4.1"

express-session@^1.18.0:
  version "1.18.1"
  dependencies:
    cookie "0.7.2"
    cookie-signature "1.0.7"
    debug "2.6.9"
    depd "~2.0.0"
    on-headers "~1.0.2"
    parseurl "~1.3.3"
    safe-buffer "5.2.1"
    uid-safe "~2.1.5"

express-validator@^7.2.0:
  version "7.2.0"
  dependencies:
    lodash "^4.17.21"
    validator "~13.12.0"

express@^4.21.0, "express@>= 4.17.0", "express@>=4.0.0 || >=5.0.0-beta", "express@4 || 5 || ^5.0.0-beta.1":
  version "4.21.1"
  dependencies:
    accepts "~1.3.8"
    array-flatten "1.1.1"
    body-parser "1.20.3"
    content-disposition "0.5.4"
    content-type "~1.0.4"
    cookie "0.7.1"
    cookie-signature "1.0.6"
    debug "2.6.9"
    depd "2.0.0"
    encodeurl "~2.0.0"
    escape-html "~1.0.3"
    etag "~1.8.1"
    finalhandler "1.3.1"
    fresh "0.5.2"
    http-errors "2.0.0"
    merge-descriptors "1.0.3"
    methods "~1.1.2"
    on-finished "2.4.1"
    parseurl "~1.3.3"
    path-to-regexp "0.1.10"
    proxy-addr "~2.0.7"
    qs "6.13.0"
    range-parser "~1.2.1"
    safe-buffer "5.2.1"
    send "0.19.0"
    serve-static "1.16.2"
    setprototypeof "1.2.0"
    statuses "2.0.1"
    type-is "~1.6.18"
    utils-merge "1.0.1"
    vary "~1.1.2"

extended-emitter@^1.0.2:
  version "1.6.0"
  dependencies:
    sift "*"

fast-safe-stringify@^2.1.1:
  version "2.1.1"

fast-unique-numbers@^8.0.13:
  version "8.0.13"
  dependencies:
    "@babel/runtime" "^7.23.8"
    tslib "^2.6.2"

fecha@^4.2.0:
  version "4.2.3"

file-stream-rotator@^0.6.1:
  version "0.6.1"
  dependencies:
    moment "^2.29.1"

fill-range@^7.1.1:
  version "7.1.1"
  dependencies:
    to-regex-range "^5.0.1"

finalhandler@1.3.1:
  version "1.3.1"
  dependencies:
    debug "2.6.9"
    encodeurl "~2.0.0"
    escape-html "~1.0.3"
    on-finished "2.4.1"
    parseurl "~1.3.3"
    statuses "2.0.1"
    unpipe "~1.0.0"

find-up@^5.0.0:
  version "5.0.0"
  dependencies:
    locate-path "^6.0.0"
    path-exists "^4.0.0"

flat@^5.0.2:
  version "5.0.2"

fn.name@1.x.x:
  version "1.1.0"

follow-redirects@^1.15.6:
  version "1.15.9"

foreground-child@^3.1.0:
  version "3.3.0"
  dependencies:
    cross-spawn "^7.0.0"
    signal-exit "^4.0.1"

form-data@^4.0.0:
  version "4.0.0"
  dependencies:
    asynckit "^0.4.0"
    combined-stream "^1.0.8"
    mime-types "^2.1.12"

formidable@^3.5.1:
  version "3.5.1"
  dependencies:
    dezalgo "^1.0.4"
    hexoid "^1.0.0"
    once "^1.4.0"

forwarded@0.2.0:
  version "0.2.0"

fresh@0.5.2:
  version "0.5.2"

fs-minipass@^2.0.0:
  version "2.1.0"
  dependencies:
    minipass "^3.0.0"

fs.realpath@^1.0.0:
  version "1.0.0"

ftp-response-parser@^1.0.1:
  version "1.0.1"
  dependencies:
    readable-stream "^1.0.31"

function-bind@^1.1.2:
  version "1.1.2"

function-timeout@^0.1.0:
  version "0.1.1"

futoin-hkdf@^1.5.1:
  version "1.5.3"

gauge@^3.0.0:
  version "3.0.2"
  dependencies:
    aproba "^1.0.3 || ^2.0.0"
    color-support "^1.1.2"
    console-control-strings "^1.0.0"
    has-unicode "^2.0.1"
    object-assign "^4.1.1"
    signal-exit "^3.0.0"
    string-width "^4.2.3"
    strip-ansi "^6.0.1"
    wide-align "^1.1.2"

get-caller-file@^2.0.5:
  version "2.0.5"

get-func-name@^2.0.1:
  version "2.0.2"

get-intrinsic@^1.1.3, get-intrinsic@^1.2.4:
  version "1.2.4"
  dependencies:
    es-errors "^1.3.0"
    function-bind "^1.1.2"
    has-proto "^1.0.1"
    has-symbols "^1.0.3"
    hasown "^2.0.0"

get-stream@^5.1.0:
  version "5.2.0"
  dependencies:
    pump "^3.0.0"

glob-parent@~5.1.2:
  version "5.1.2"
  dependencies:
    is-glob "^4.0.1"

glob@^7.1.3:
  version "7.2.3"
  dependencies:
    fs.realpath "^1.0.0"
    inflight "^1.0.4"
    inherits "2"
    minimatch "^3.1.1"
    once "^1.3.0"
    path-is-absolute "^1.0.0"

glob@^8.1.0:
  version "8.1.0"
  dependencies:
    fs.realpath "^1.0.0"
    inflight "^1.0.4"
    inherits "2"
    minimatch "^5.0.1"
    once "^1.3.0"

"glob@>= 3.1.4":
  version "11.0.0"
  dependencies:
    foreground-child "^3.1.0"
    jackspeak "^4.0.1"
    minimatch "^10.0.0"
    minipass "^7.1.2"
    package-json-from-dist "^1.0.0"
    path-scurry "^2.0.0"

glob@7.1.6:
  version "7.1.6"
  dependencies:
    fs.realpath "^1.0.0"
    inflight "^1.0.4"
    inherits "2"
    minimatch "^3.0.4"
    once "^1.3.0"
    path-is-absolute "^1.0.0"

gopd@^1.0.1:
  version "1.0.1"
  dependencies:
    get-intrinsic "^1.1.3"

got@^11.8.0:
  version "11.8.6"
  dependencies:
    "@sindresorhus/is" "^4.0.0"
    "@szmarczak/http-timer" "^4.0.5"
    "@types/cacheable-request" "^6.0.1"
    "@types/responselike" "^1.0.0"
    cacheable-lookup "^5.0.3"
    cacheable-request "^7.0.2"
    decompress-response "^6.0.0"
    http2-wrapper "^1.0.0-beta.5.2"
    lowercase-keys "^2.0.0"
    p-cancelable "^2.0.0"
    responselike "^2.0.0"

graceful-fs@^4.2.4:
  version "4.2.11"

has-flag@^3.0.0:
  version "3.0.0"

has-flag@^4.0.0:
  version "4.0.0"

has-property-descriptors@^1.0.2:
  version "1.0.2"
  dependencies:
    es-define-property "^1.0.0"

has-proto@^1.0.1:
  version "1.0.3"

has-symbols@^1.0.3:
  version "1.0.3"

has-unicode@^2.0.1:
  version "2.0.1"

hasown@^2.0.0:
  version "2.0.2"
  dependencies:
    function-bind "^1.1.2"

he@^1.2.0:
  version "1.2.0"

helmet@^8.0.0:
  version "8.0.0"

help-me@^5.0.0:
  version "5.0.0"

hexoid@^1.0.0:
  version "1.0.0"

http-cache-semantics@^4.0.0:
  version "4.1.1"

http-errors@^1.8.1:
  version "1.8.1"
  dependencies:
    depd "~1.1.2"
    inherits "2.0.4"
    setprototypeof "1.2.0"
    statuses ">= 1.5.0 < 2"
    toidentifier "1.0.1"

http-errors@2.0.0:
  version "2.0.0"
  dependencies:
    depd "2.0.0"
    inherits "2.0.4"
    setprototypeof "1.2.0"
    statuses "2.0.1"
    toidentifier "1.0.1"

http2-wrapper@^1.0.0-beta.5.2:
  version "1.0.3"
  dependencies:
    quick-lru "^5.1.1"
    resolve-alpn "^1.0.0"

https-proxy-agent@^5.0.0:
  version "5.0.1"
  dependencies:
    agent-base "6"
    debug "4"

iconv-lite@^0.6.2:
  version "0.6.3"
  dependencies:
    safer-buffer ">= 2.1.2 < 3.0.0"

iconv-lite@0.4, iconv-lite@0.4.24:
  version "0.4.24"
  dependencies:
    safer-buffer ">= 2.1.2 < 3"

ieee754@^1.2.1:
  version "1.2.1"

ignore-by-default@^1.0.1:
  version "1.0.1"

indent-string@^4.0.0:
  version "4.0.0"

inflight@^1.0.4:
  version "1.0.6"
  dependencies:
    once "^1.3.0"
    wrappy "1"

inherits@^2.0.3, inherits@^2.0.4, inherits@~2.0.1, inherits@2, inherits@2.0.4:
  version "2.0.4"

ip-regex@^5.0.0:
  version "5.0.0"

ipaddr.js@1.9.1:
  version "1.9.1"

is-arrayish@^0.3.1:
  version "0.3.2"

is-binary-path@~2.1.0:
  version "2.1.0"
  dependencies:
    binary-extensions "^2.0.0"

is-extglob@^2.1.1:
  version "2.1.1"

is-fullwidth-code-point@^3.0.0:
  version "3.0.0"

is-glob@^4.0.1, is-glob@~4.0.1:
  version "4.0.3"
  dependencies:
    is-extglob "^2.1.1"

is-ip@^5.0.1:
  version "5.0.1"
  dependencies:
    ip-regex "^5.0.0"
    super-regex "^0.2.0"

is-number@^7.0.0:
  version "7.0.0"

is-plain-obj@^2.1.0:
  version "2.1.0"

is-regexp@^3.0.0:
  version "3.1.0"

is-stream@^2.0.0:
  version "2.0.1"

is-unicode-supported@^0.1.0:
  version "0.1.0"

isarray@0.0.1:
  version "0.0.1"

isexe@^2.0.0:
  version "2.0.0"

jackspeak@^4.0.1:
  version "4.0.2"
  dependencies:
    "@isaacs/cliui" "^8.0.2"

joi@^17.13.3, joi@^17.7.0:
  version "17.13.3"
  dependencies:
    "@hapi/hoek" "^9.3.0"
    "@hapi/topo" "^5.1.0"
    "@sideway/address" "^4.1.5"
    "@sideway/formula" "^3.0.1"
    "@sideway/pinpoint" "^2.0.0"

jose@^2.0.5, jose@^2.0.6:
  version "2.0.7"
  dependencies:
    "@panva/asn1.js" "^1.0.0"

js-sdsl@4.3.0:
  version "4.3.0"

js-yaml@^4.1.0:
  version "4.1.0"
  dependencies:
    argparse "^2.0.1"

jsftp@2.1.3:
  version "2.1.3"
  dependencies:
    debug "^3.1.0"
    ftp-response-parser "^1.0.1"
    once "^1.4.0"
    parse-listing "^1.1.3"
    stream-combiner "^0.2.2"
    unorm "^1.4.1"

json-buffer@3.0.1:
  version "3.0.1"

json2csv@^4.5.4:
  version "4.5.4"
  dependencies:
    commander "^2.15.1"
    jsonparse "^1.3.1"
    lodash.get "^4.4.2"

jsonparse@^1.3.1:
  version "1.3.1"

jsonwebtoken@^9.0.2:
  version "9.0.2"
  dependencies:
    jws "^3.2.2"
    lodash.includes "^4.3.0"
    lodash.isboolean "^3.0.3"
    lodash.isinteger "^4.0.4"
    lodash.isnumber "^3.0.3"
    lodash.isplainobject "^4.0.6"
    lodash.isstring "^4.0.1"
    lodash.once "^4.0.0"
    ms "^2.1.1"
    semver "^7.5.4"

just-extend@^6.2.0:
  version "6.2.0"

jwa@^1.4.1:
  version "1.4.1"
  dependencies:
    buffer-equal-constant-time "1.0.1"
    ecdsa-sig-formatter "1.0.11"
    safe-buffer "^5.0.1"

jws@^3.2.2:
  version "3.2.2"
  dependencies:
    jwa "^1.4.1"
    safe-buffer "^5.0.1"

keyv@^4.0.0:
  version "4.5.4"
  dependencies:
    json-buffer "3.0.1"

kuler@^2.0.0:
  version "2.0.0"

locate-path@^6.0.0:
  version "6.0.0"
  dependencies:
    p-locate "^5.0.0"

lodash.get@^4.4.2:
  version "4.4.2"

lodash.includes@^4.3.0:
  version "4.3.0"

lodash.isboolean@^3.0.3:
  version "3.0.3"

lodash.isequal@^4.5.0:
  version "4.5.0"

lodash.isinteger@^4.0.4:
  version "4.0.4"

lodash.isnumber@^3.0.3:
  version "3.0.3"

lodash.isplainobject@^4.0.6:
  version "4.0.6"

lodash.isstring@^4.0.1:
  version "4.0.1"

lodash.mergewith@^4.6.2:
  version "4.6.2"

lodash.once@^4.0.0:
  version "4.1.1"

lodash@^4.17.21:
  version "4.17.21"

log-symbols@^4.1.0:
  version "4.1.0"
  dependencies:
    chalk "^4.1.0"
    is-unicode-supported "^0.1.0"

logform@^2.6.0, logform@^2.6.1:
  version "2.6.1"
  dependencies:
    "@colors/colors" "1.6.0"
    "@types/triple-beam" "^1.3.2"
    fecha "^4.2.0"
    ms "^2.1.1"
    safe-stable-stringify "^2.3.1"
    triple-beam "^1.3.0"

long@^4.0.0:
  version "4.0.0"

loupe@^3.1.0:
  version "3.1.1"
  dependencies:
    get-func-name "^2.0.1"

lowercase-keys@^2.0.0:
  version "2.0.0"

lru-cache@^10.0.1:
  version "10.4.3"

lru-cache@^11.0.0:
  version "11.0.1"

lru-cache@^6.0.0:
  version "6.0.0"
  dependencies:
    yallist "^4.0.0"

make-dir@^3.1.0:
  version "3.1.0"
  dependencies:
    semver "^6.0.0"

make-error@^1.3.6:
  version "1.3.6"

maplex@*:
  version "1.0.0"
  dependencies:
    async "^3.2.4"

media-typer@0.3.0:
  version "0.3.0"

merge-descriptors@1.0.3:
  version "1.0.3"

methods@^1.1.2, methods@~1.1.2:
  version "1.1.2"

mime-db@1.52.0:
  version "1.52.0"

mime-types@^2.1.12, mime-types@~2.1.24, mime-types@~2.1.34:
  version "2.1.35"
  dependencies:
    mime-db "1.52.0"

mime@1.6.0:
  version "1.6.0"

mime@2.6.0:
  version "2.6.0"

mimic-response@^1.0.0:
  version "1.0.1"

mimic-response@^2.0.0:
  version "2.1.0"

mimic-response@^3.1.0:
  version "3.1.0"

minimatch@^10.0.0:
  version "10.0.1"
  dependencies:
    brace-expansion "^2.0.1"

minimatch@^3.0.4, minimatch@^3.1.1, minimatch@^3.1.2:
  version "3.1.2"
  dependencies:
    brace-expansion "^1.1.7"

minimatch@^5.0.1, minimatch@^5.1.6:
  version "5.1.6"
  dependencies:
    brace-expansion "^2.0.1"

minimist@^1.2.8:
  version "1.2.8"

minipass@^3.0.0:
  version "3.3.6"
  dependencies:
    yallist "^4.0.0"

minipass@^5.0.0:
  version "5.0.0"

minipass@^7.1.2:
  version "7.1.2"

minizlib@^2.1.1:
  version "2.1.2"
  dependencies:
    minipass "^3.0.0"
    yallist "^4.0.0"

mkdirp@^1.0.3:
  version "1.0.4"

mocha@^10.7.3:
  version "10.7.3"
  dependencies:
    ansi-colors "^4.1.3"
    browser-stdout "^1.3.1"
    chokidar "^3.5.3"
    debug "^4.3.5"
    diff "^5.2.0"
    escape-string-regexp "^4.0.0"
    find-up "^5.0.0"
    glob "^8.1.0"
    he "^1.2.0"
    js-yaml "^4.1.0"
    log-symbols "^4.1.0"
    minimatch "^5.1.6"
    ms "^2.1.3"
    serialize-javascript "^6.0.2"
    strip-json-comments "^3.1.1"
    supports-color "^8.1.1"
    workerpool "^6.5.1"
    yargs "^16.2.0"
    yargs-parser "^20.2.9"
    yargs-unparser "^2.0.0"

moment-timezone@^0.5.46:
  version "0.5.46"
  dependencies:
    moment "^2.29.4"

moment@^2.29.1, moment@^2.29.4:
  version "2.30.1"

mqtt-packet@^9.0.0:
  version "9.0.0"
  dependencies:
    bl "^6.0.8"
    debug "^4.3.4"
    process-nextick-args "^2.0.1"

mqtt@^5.10.1:
  version "5.10.1"
  dependencies:
    "@types/readable-stream" "^4.0.5"
    "@types/ws" "^8.5.9"
    commist "^3.2.0"
    concat-stream "^2.0.0"
    debug "^4.3.4"
    help-me "^5.0.0"
    lru-cache "^10.0.1"
    minimist "^1.2.8"
    mqtt-packet "^9.0.0"
    number-allocator "^1.0.14"
    readable-stream "^4.4.2"
    reinterval "^1.1.0"
    rfdc "^1.3.0"
    split2 "^4.2.0"
    worker-timers "^7.1.4"
    ws "^8.17.1"

ms@^2.1.1, ms@^2.1.3, ms@2.1.3:
  version "2.1.3"

ms@2.0.0:
  version "2.0.0"

nan@^2.17.0:
  version "2.22.0"

negotiator@0.6.3:
  version "0.6.3"

nise@^6.1.1:
  version "6.1.1"
  dependencies:
    "@sinonjs/commons" "^3.0.1"
    "@sinonjs/fake-timers" "^13.0.1"
    "@sinonjs/text-encoding" "^0.7.3"
    just-extend "^6.2.0"
    path-to-regexp "^8.1.0"

node-addon-api@^5.0.0:
  version "5.1.0"

node-cron@^3.0.3:
  version "3.0.3"
  dependencies:
    uuid "8.3.2"

node-fetch@^2.6.7:
  version "2.7.0"
  dependencies:
    whatwg-url "^5.0.0"

nodemailer@^6.9.15:
  version "6.9.15"

nodemon@^3.1.7:
  version "3.1.7"
  dependencies:
    chokidar "^3.5.2"
    debug "^4"
    ignore-by-default "^1.0.1"
    minimatch "^3.1.2"
    pstree.remy "^1.1.8"
    semver "^7.5.3"
    simple-update-notifier "^2.0.0"
    supports-color "^5.5.0"
    touch "^3.1.0"
    undefsafe "^2.0.5"

nopt@^5.0.0:
  version "5.0.0"
  dependencies:
    abbrev "1"

normalize-path@^3.0.0, normalize-path@~3.0.0:
  version "3.0.0"

normalize-url@^6.0.1:
  version "6.1.0"

npmlog@^5.0.1:
  version "5.0.1"
  dependencies:
    are-we-there-yet "^2.0.0"
    console-control-strings "^1.1.0"
    gauge "^3.0.0"
    set-blocking "^2.0.0"

number-allocator@^1.0.14:
  version "1.0.14"
  dependencies:
    debug "^4.3.1"
    js-sdsl "4.3.0"

oauth@0.10.x:
  version "0.10.0"

object-assign@^4, object-assign@^4.1.1:
  version "4.1.1"

object-hash@^2.0.1:
  version "2.2.0"

object-hash@^3.0.0:
  version "3.0.0"

object-inspect@^1.13.1:
  version "1.13.2"

oidc-token-hash@^5.0.1:
  version "5.0.3"

on-finished@2.4.1:
  version "2.4.1"
  dependencies:
    ee-first "1.1.1"

on-headers@^1.0.2, on-headers@~1.0.2:
  version "1.0.2"

once@^1.3.0, once@^1.3.1, once@^1.4.0:
  version "1.4.0"
  dependencies:
    wrappy "1"

one-time@^1.0.0:
  version "1.0.0"
  dependencies:
    fn.name "1.x.x"

openapi-types@>=7:
  version "12.1.3"

openid-client@^4.9.1:
  version "4.9.1"
  dependencies:
    aggregate-error "^3.1.0"
    got "^11.8.0"
    jose "^2.0.5"
    lru-cache "^6.0.0"
    make-error "^1.3.6"
    object-hash "^2.0.1"
    oidc-token-hash "^5.0.1"

p-cancelable@^2.0.0:
  version "2.1.1"

p-limit@^3.0.2:
  version "3.1.0"
  dependencies:
    yocto-queue "^0.1.0"

p-locate@^5.0.0:
  version "5.0.0"
  dependencies:
    p-limit "^3.0.2"

package-json-from-dist@^1.0.0:
  version "1.0.1"

parse-listing@^1.1.3:
  version "1.1.3"

parseurl@~1.3.3:
  version "1.3.3"

passport-google-oauth20@^2.0.0:
  version "2.0.0"
  dependencies:
    passport-oauth2 "1.x.x"

passport-oauth2@1.x.x:
  version "1.8.0"
  dependencies:
    base64url "3.x.x"
    oauth "0.10.x"
    passport-strategy "1.x.x"
    uid2 "0.0.x"
    utils-merge "1.x.x"

passport-strategy@1.x.x:
  version "1.0.0"

passport@^0.7.0:
  version "0.7.0"
  dependencies:
    passport-strategy "1.x.x"
    pause "0.0.1"
    utils-merge "^1.0.1"

path-exists@^4.0.0:
  version "4.0.0"

path-is-absolute@^1.0.0:
  version "1.0.1"

path-key@^3.1.0:
  version "3.1.1"

path-scurry@^2.0.0:
  version "2.0.0"
  dependencies:
    lru-cache "^11.0.0"
    minipass "^7.1.2"

path-to-regexp@^8.1.0:
  version "8.2.0"

path-to-regexp@0.1.10:
  version "0.1.10"

pathval@^2.0.0:
  version "2.0.0"

pause@0.0.1:
  version "0.0.1"

picomatch@^2.0.4, picomatch@^2.2.1:
  version "2.3.1"

process-nextick-args@^2.0.1:
  version "2.0.1"

process@^0.11.10:
  version "0.11.10"

proper-lockfile@^4.1.2:
  version "4.1.2"
  dependencies:
    graceful-fs "^4.2.4"
    retry "^0.12.0"
    signal-exit "^3.0.2"

protobufjs@^6.11.3:
  version "6.11.4"
  dependencies:
    "@protobufjs/aspromise" "^1.1.2"
    "@protobufjs/base64" "^1.1.2"
    "@protobufjs/codegen" "^2.0.4"
    "@protobufjs/eventemitter" "^1.1.0"
    "@protobufjs/fetch" "^1.1.0"
    "@protobufjs/float" "^1.0.2"
    "@protobufjs/inquire" "^1.1.0"
    "@protobufjs/path" "^1.1.2"
    "@protobufjs/pool" "^1.1.0"
    "@protobufjs/utf8" "^1.1.0"
    "@types/long" "^4.0.1"
    "@types/node" ">=13.7.0"
    long "^4.0.0"

proxy-addr@~2.0.7:
  version "2.0.7"
  dependencies:
    forwarded "0.2.0"
    ipaddr.js "1.9.1"

proxy-from-env@^1.1.0:
  version "1.1.0"

pstree.remy@^1.1.8:
  version "1.1.8"

pump@^3.0.0:
  version "3.0.2"
  dependencies:
    end-of-stream "^1.1.0"
    once "^1.3.1"

qs@^6.11.0, qs@^6.12.1, qs@6.13.0:
  version "6.13.0"
  dependencies:
    side-channel "^1.0.6"

quick-lru@^5.1.1:
  version "5.1.1"

random-bytes@~1.0.0:
  version "1.0.0"

randombytes@^2.1.0:
  version "2.1.0"
  dependencies:
    safe-buffer "^5.1.0"

range-parser@~1.2.1:
  version "1.2.1"

raw-body@2.5.2:
  version "2.5.2"
  dependencies:
    bytes "3.1.2"
    http-errors "2.0.0"
    iconv-lite "0.4.24"
    unpipe "1.0.0"

readable-stream@^1.0.31:
  version "1.1.14"
  dependencies:
    core-util-is "~1.0.0"
    inherits "~2.0.1"
    isarray "0.0.1"
    string_decoder "~0.10.x"

readable-stream@^3.0.2, readable-stream@^3.4.0, readable-stream@^3.6.0:
  version "3.6.2"
  dependencies:
    inherits "^2.0.3"
    string_decoder "^1.1.1"
    util-deprecate "^1.0.1"

readable-stream@^4.2.0:
  version "4.5.2"
  dependencies:
    abort-controller "^3.0.0"
    buffer "^6.0.3"
    events "^3.3.0"
    process "^0.11.10"
    string_decoder "^1.3.0"

readable-stream@^4.4.2:
  version "4.5.2"
  dependencies:
    abort-controller "^3.0.0"
    buffer "^6.0.3"
    events "^3.3.0"
    process "^0.11.10"
    string_decoder "^1.3.0"

readable-stream@^4.5.2:
  version "4.5.2"
  dependencies:
    abort-controller "^3.0.0"
    buffer "^6.0.3"
    events "^3.3.0"
    process "^0.11.10"
    string_decoder "^1.3.0"

readdirp@~3.6.0:
  version "3.6.0"
  dependencies:
    picomatch "^2.2.1"

regenerator-runtime@^0.14.0:
  version "0.14.1"

reinterval@^1.1.0:
  version "1.1.0"

require-directory@^2.1.1:
  version "2.1.1"

resolve-alpn@^1.0.0:
  version "1.2.1"

responselike@^2.0.0:
  version "2.0.1"
  dependencies:
    lowercase-keys "^2.0.0"

retry@^0.12.0:
  version "0.12.0"

rfdc@^1.3.0:
  version "1.4.1"

rimraf@^3.0.2:
  version "3.0.2"
  dependencies:
    glob "^7.1.3"

rw@1:
  version "1.3.3"

safe-buffer@^5.0.1, safe-buffer@^5.1.0, safe-buffer@~5.2.0, safe-buffer@5.2.1:
  version "5.2.1"

safe-buffer@~5.1.1:
  version "5.1.2"

safe-stable-stringify@^2.3.1:
  version "2.5.0"

"safer-buffer@>= 2.1.2 < 3", "safer-buffer@>= 2.1.2 < 3.0.0":
  version "2.1.2"

semver@^6.0.0:
  version "6.3.1"

semver@^7.3.5, semver@^7.5.3, semver@^7.5.4:
  version "7.6.3"

send@0.19.0:
  version "0.19.0"
  dependencies:
    debug "2.6.9"
    depd "2.0.0"
    destroy "1.2.0"
    encodeurl "~1.0.2"
    escape-html "~1.0.3"
    etag "~1.8.1"
    fresh "0.5.2"
    http-errors "2.0.0"
    mime "1.6.0"
    ms "2.1.3"
    on-finished "2.4.1"
    range-parser "~1.2.1"
    statuses "2.0.1"

serialize-javascript@^6.0.2:
  version "6.0.2"
  dependencies:
    randombytes "^2.1.0"

serve-static@1.16.2:
  version "1.16.2"
  dependencies:
    encodeurl "~2.0.0"
    escape-html "~1.0.3"
    parseurl "~1.3.3"
    send "0.19.0"

set-blocking@^2.0.0:
  version "2.0.0"

set-function-length@^1.2.1:
  version "1.2.2"
  dependencies:
    define-data-property "^1.1.4"
    es-errors "^1.3.0"
    function-bind "^1.1.2"
    get-intrinsic "^1.2.4"
    gopd "^1.0.1"
    has-property-descriptors "^1.0.2"

setprototypeof@1.2.0:
  version "1.2.0"

shebang-command@^2.0.0:
  version "2.0.0"
  dependencies:
    shebang-regex "^3.0.0"

shebang-regex@^3.0.0:
  version "3.0.0"

side-channel@^1.0.6:
  version "1.0.6"
  dependencies:
    call-bind "^1.0.7"
    es-errors "^1.3.0"
    get-intrinsic "^1.2.4"
    object-inspect "^1.13.1"

sift@*:
  version "17.1.3"

signal-exit@^3.0.0, signal-exit@^3.0.2:
  version "3.0.7"

signal-exit@^4.0.1:
  version "4.1.0"

simple-concat@^1.0.0:
  version "1.0.1"

simple-get@^3.0.3:
  version "3.1.1"
  dependencies:
    decompress-response "^4.2.0"
    once "^1.3.1"
    simple-concat "^1.0.0"

simple-swizzle@^0.2.2:
  version "0.2.2"
  dependencies:
    is-arrayish "^0.3.1"

simple-update-notifier@^2.0.0:
  version "2.0.0"
  dependencies:
    semver "^7.5.3"

sinon@^19.0.2:
  version "19.0.2"
  dependencies:
    "@sinonjs/commons" "^3.0.1"
    "@sinonjs/fake-timers" "^13.0.2"
    "@sinonjs/samsam" "^8.0.1"
    diff "^7.0.0"
    nise "^6.1.1"
    supports-color "^7.2.0"

sparkplug-payload@^1.0.3:
  version "1.0.3"
  dependencies:
    "@types/long" "^4.0.0"
    long "^4.0.0"
    protobufjs "^6.11.3"

split2@^4.2.0:
  version "4.2.0"

stack-trace@0.0.x:
  version "0.0.10"

"statuses@>= 1.5.0 < 2":
  version "1.5.0"

statuses@2.0.1:
  version "2.0.1"

strangler@^1.1.2:
  version "1.1.2"
  dependencies:
    extended-emitter "^1.0.2"
    string-tools "^1.0.0"

stream-combiner@^0.2.2:
  version "0.2.2"
  dependencies:
    duplexer "~0.1.1"
    through "~2.3.4"

string_decoder@^1.1.1, string_decoder@^1.3.0:
  version "1.3.0"
  dependencies:
    safe-buffer "~5.2.0"

string_decoder@~0.10.x:
  version "0.10.31"

string-tools@^1.0.0:
  version "1.0.0"

"string-width-cjs@npm:string-width@^4.2.0":
  version "4.2.3"
  dependencies:
    emoji-regex "^8.0.0"
    is-fullwidth-code-point "^3.0.0"
    strip-ansi "^6.0.1"

"string-width@^1.0.2 || 2 || 3 || 4", string-width@^4.1.0, string-width@^4.2.0, string-width@^4.2.3:
  version "4.2.3"
  dependencies:
    emoji-regex "^8.0.0"
    is-fullwidth-code-point "^3.0.0"
    strip-ansi "^6.0.1"

string-width@^5.0.1, string-width@^5.1.2:
  version "5.1.2"
  dependencies:
    eastasianwidth "^0.2.0"
    emoji-regex "^9.2.2"
    strip-ansi "^7.0.1"

"strip-ansi-cjs@npm:strip-ansi@^6.0.1":
  version "6.0.1"
  dependencies:
    ansi-regex "^5.0.1"

strip-ansi@^6.0.0, strip-ansi@^6.0.1:
  version "6.0.1"
  dependencies:
    ansi-regex "^5.0.1"

strip-ansi@^7.0.1:
  version "7.1.0"
  dependencies:
    ansi-regex "^6.0.1"

strip-json-comments@^3.1.1:
  version "3.1.1"

super-regex@^0.2.0:
  version "0.2.0"
  dependencies:
    clone-regexp "^3.0.0"
    function-timeout "^0.1.0"
    time-span "^5.1.0"

superagent@^9:
  version "9.0.2"
  dependencies:
    component-emitter "^1.3.0"
    cookiejar "^2.1.4"
    debug "^4.3.4"
    fast-safe-stringify "^2.1.1"
    form-data "^4.0.0"
    formidable "^3.5.1"
    methods "^1.1.2"
    mime "2.6.0"
    qs "^6.11.0"

supports-color@^5.5.0:
  version "5.5.0"
  dependencies:
    has-flag "^3.0.0"

supports-color@^7.1.0:
  version "7.2.0"
  dependencies:
    has-flag "^4.0.0"

supports-color@^7.2.0:
  version "7.2.0"
  dependencies:
    has-flag "^4.0.0"

supports-color@^8.1.1:
  version "8.1.1"
  dependencies:
    has-flag "^4.0.0"

swagger-jsdoc@^6.2.8:
  version "6.2.8"
  dependencies:
    commander "6.2.0"
    doctrine "3.0.0"
    glob "7.1.6"
    lodash.mergewith "^4.6.2"
    swagger-parser "^10.0.3"
    yaml "2.0.0-1"

swagger-parser@^10.0.3:
  version "10.0.3"
  dependencies:
    "@apidevtools/swagger-parser" "10.0.3"

swagger-ui-dist@>=5.0.0:
  version "5.17.14"

swagger-ui-express@^5.0.1:
  version "5.0.1"
  dependencies:
    swagger-ui-dist ">=5.0.0"

tar@^6.1.11:
  version "6.2.1"
  dependencies:
    chownr "^2.0.0"
    fs-minipass "^2.0.0"
    minipass "^5.0.0"
    minizlib "^2.1.1"
    mkdirp "^1.0.3"
    yallist "^4.0.0"

text-hex@1.0.x:
  version "1.0.0"

through@~2.3.4:
  version "2.3.8"

time-span@^5.1.0:
  version "5.1.0"
  dependencies:
    convert-hrtime "^5.0.0"

to-regex-range@^5.0.1:
  version "5.0.1"
  dependencies:
    is-number "^7.0.0"

toidentifier@1.0.1:
  version "1.0.1"

touch@^3.1.0:
  version "3.1.1"

tr46@~0.0.3:
  version "0.0.3"

triple-beam@^1.3.0, triple-beam@^1.4.1:
  version "1.4.1"

tslib@^2.6.2:
  version "2.7.0"

type-detect@^4.1.0:
  version "4.1.0"

type-detect@4.0.8:
  version "4.0.8"

type-is@~1.6.18:
  version "1.6.18"
  dependencies:
    media-typer "0.3.0"
    mime-types "~2.1.24"

typedarray@^0.0.6:
  version "0.0.6"

typescript@^5.6.3:
  version "5.6.3"
  resolved "https://registry.npmjs.org/typescript/-/typescript-5.6.3.tgz"
  integrity sha512-hjcS1mhfuyi4WW8IWtjP7brDrG2cuDZukyrYrSauoXGNgx0S7zceP07adYkJycEr56BOUTNPzbInooiN3fn1qw==

uid-safe@~2.1.5:
  version "2.1.5"
  dependencies:
    random-bytes "~1.0.0"

uid2@0.0.x:
  version "0.0.4"

undefsafe@^2.0.5:
  version "2.0.5"

undici-types@~6.19.2:
  version "6.19.8"

unorm@^1.4.1:
  version "1.6.0"

unpipe@~1.0.0, unpipe@1.0.0:
  version "1.0.0"

url-join@^4.0.1:
  version "4.0.1"

util-deprecate@^1.0.1:
  version "1.0.2"

utils-merge@^1.0.1, utils-merge@1.0.1, utils-merge@1.x.x:
  version "1.0.1"

uuid@^10.0.0:
  version "10.0.0"
  resolved "https://registry.npmjs.org/uuid/-/uuid-10.0.0.tgz"
  integrity sha512-8XkAphELsDnEGrDxUOHB3RGvXz6TeuYSGEZBOjtTtPm2lwhGBjLgOzLHB63IUWfBpNucQjND6d3AOudO+H3RWQ==

uuid@8.3.2:
  version "8.3.2"

validator@^13.7.0, validator@~13.12.0:
  version "13.12.0"

vary@^1, vary@~1.1.2:
  version "1.1.2"

webidl-conversions@^3.0.0:
  version "3.0.1"

whatwg-url@^5.0.0:
  version "5.0.0"
  dependencies:
    tr46 "~0.0.3"
    webidl-conversions "^3.0.0"

which@^2.0.1:
  version "2.0.2"
  dependencies:
    isexe "^2.0.0"

wide-align@^1.1.2:
  version "1.1.5"
  dependencies:
    string-width "^1.0.2 || 2 || 3 || 4"

winston-daily-rotate-file@^5.0.0:
  version "5.0.0"
  dependencies:
    file-stream-rotator "^0.6.1"
    object-hash "^3.0.0"
    triple-beam "^1.4.1"
    winston-transport "^4.7.0"

winston-transport@^4.7.0:
  version "4.8.0"
  dependencies:
    logform "^2.6.1"
    readable-stream "^4.5.2"
    triple-beam "^1.3.0"

winston@^3, winston@^3.15.0:
  version "3.15.0"
  dependencies:
    "@colors/colors" "^1.6.0"
    "@dabh/diagnostics" "^2.0.2"
    async "^3.2.3"
    is-stream "^2.0.0"
    logform "^2.6.0"
    one-time "^1.0.0"
    readable-stream "^3.4.0"
    safe-stable-stringify "^2.3.1"
    stack-trace "0.0.x"
    triple-beam "^1.3.0"
    winston-transport "^4.7.0"

worker-timers-broker@^6.1.8:
  version "6.1.8"
  dependencies:
    "@babel/runtime" "^7.24.5"
    fast-unique-numbers "^8.0.13"
    tslib "^2.6.2"
    worker-timers-worker "^7.0.71"

worker-timers-worker@^7.0.71:
  version "7.0.71"
  dependencies:
    "@babel/runtime" "^7.24.5"
    tslib "^2.6.2"

worker-timers@^7.1.4:
  version "7.1.8"
  dependencies:
    "@babel/runtime" "^7.24.5"
    tslib "^2.6.2"
    worker-timers-broker "^6.1.8"
    worker-timers-worker "^7.0.71"

workerpool@^6.5.1:
  version "6.5.1"

"wrap-ansi-cjs@npm:wrap-ansi@^7.0.0":
  version "7.0.0"
  dependencies:
    ansi-styles "^4.0.0"
    string-width "^4.1.0"
    strip-ansi "^6.0.0"

wrap-ansi@^7.0.0:
  version "7.0.0"
  dependencies:
    ansi-styles "^4.0.0"
    string-width "^4.1.0"
    strip-ansi "^6.0.0"

wrap-ansi@^8.1.0:
  version "8.1.0"
  dependencies:
    ansi-styles "^6.1.0"
    string-width "^5.0.1"
    strip-ansi "^7.0.1"

wrappy@1:
  version "1.0.2"

ws@^8.17.1, ws@^8.18.0:
  version "8.18.0"

y18n@^5.0.5:
  version "5.0.8"

yallist@^4.0.0:
  version "4.0.0"

yaml@2.0.0-1:
  version "2.0.0-1"

yargs-parser@^20.2.2, yargs-parser@^20.2.9:
  version "20.2.9"

yargs-unparser@^2.0.0:
  version "2.0.0"
  dependencies:
    camelcase "^6.0.0"
    decamelize "^4.0.0"
    flat "^5.0.2"
    is-plain-obj "^2.1.0"

yargs@^16.2.0:
  version "16.2.0"
  dependencies:
    cliui "^7.0.2"
    escalade "^3.1.1"
    get-caller-file "^2.0.5"
    require-directory "^2.1.1"
    string-width "^4.2.0"
    y18n "^5.0.5"
    yargs-parser "^20.2.2"

yocto-queue@^0.1.0:
  version "0.1.0"

z-schema@^5.0.1:
  version "5.0.5"
  dependencies:
    lodash.get "^4.4.2"
    lodash.isequal "^4.5.0"
    validator "^13.7.0"
  optionalDependencies:
    commander "^9.4.1"
